
Microsoft Visual Studio Solution File, Format Version 11.00
# Visual Studio 2010
Project("{FAE04EC0-301F-11D3-BF4B-00C04F79EFBC}") = "Project.Game", "Project.Game.csproj", "{e011d619-1072-e748-02cf-171fd355fbc7}"
EndProject
Project("{FAE04EC0-301F-11D3-BF4B-00C04F79EFBC}") = "Project.ScripableObjects", "Project.ScripableObjects.csproj", "{38de0f89-486f-89a8-3c43-1823c5de75a1}"
EndProject
Project("{FAE04EC0-301F-11D3-BF4B-00C04F79EFBC}") = "Project.Util", "Project.Util.csproj", "{a0f786e6-e038-6e6e-d8a9-dd42b655e92d}"
EndProject
Project("{FAE04EC0-301F-11D3-BF4B-00C04F79EFBC}") = "Project.External", "Project.External.csproj", "{4cad70f7-8185-d528-06b8-aec7d6e0a979}"
EndProject
Global
	GlobalSection(SolutionConfigurationPlatforms) = preSolution
		Debug|Any CPU = Debug|Any CPU
	EndGlobalSection
	GlobalSection(ProjectConfigurationPlatforms) = postSolution
		{e011d619-1072-e748-02cf-171fd355fbc7}.Debug|Any CPU.ActiveCfg = Debug|Any CPU
		{e011d619-1072-e748-02cf-171fd355fbc7}.Debug|Any CPU.Build.0 = Debug|Any CPU
		{38de0f89-486f-89a8-3c43-1823c5de75a1}.Debug|Any CPU.ActiveCfg = Debug|Any CPU
		{38de0f89-486f-89a8-3c43-1823c5de75a1}.Debug|Any CPU.Build.0 = Debug|Any CPU
		{a0f786e6-e038-6e6e-d8a9-dd42b655e92d}.Debug|Any CPU.ActiveCfg = Debug|Any CPU
		{a0f786e6-e038-6e6e-d8a9-dd42b655e92d}.Debug|Any CPU.Build.0 = Debug|Any CPU
		{4cad70f7-8185-d528-06b8-aec7d6e0a979}.Debug|Any CPU.ActiveCfg = Debug|Any CPU
		{4cad70f7-8185-d528-06b8-aec7d6e0a979}.Debug|Any CPU.Build.0 = Debug|Any CPU
	EndGlobalSection
	GlobalSection(SolutionProperties) = preSolution
		HideSolutionNode = FALSE
	EndGlobalSection
EndGlobal
