
Microsoft Visual Studio Solution File, Format Version 12.00
# Visual Studio 15
Project("{FAE04EC0-301F-11D3-BF4B-00C04F79EFBC}") = "Project.Util", "Project.Util.csproj", "{E686F7A0-38E0-6E6E-D8A9-DD42B655E92D}"
EndProject
Project("{FAE04EC0-301F-11D3-BF4B-00C04F79EFBC}") = "Project.Game", "Project.Game.csproj", "{19D611E0-7210-48E7-02CF-171FD355FBC7}"
EndProject
Project("{FAE04EC0-301F-11D3-BF4B-00C04F79EFBC}") = "MyBox", "MyBox.csproj", "{4D9ABB2C-8D41-40A2-9320-108103F0E5EE}"
EndProject
Project("{FAE04EC0-301F-11D3-BF4B-00C04F79EFBC}") = "Project.ScripableObjects", "Project.ScripableObjects.csproj", "{890FDE38-6F48-A889-3C43-1823C5DE75A1}"
EndProject
Project("{FAE04EC0-301F-11D3-BF4B-00C04F79EFBC}") = "Project.External", "Project.External.csproj", "{F770AD4C-8581-28D5-06B8-AEC7D6E0A979}"
EndProject
Project("{FAE04EC0-301F-11D3-BF4B-00C04F79EFBC}") = "RotaryHeart", "RotaryHeart.csproj", "{CDAED92E-D330-7FBA-438E-5DD8420D3A19}"
EndProject
Global
	GlobalSection(SolutionConfigurationPlatforms) = preSolution
		Debug|Any CPU = Debug|Any CPU
		Release|Any CPU = Release|Any CPU
	EndGlobalSection
	GlobalSection(ProjectConfigurationPlatforms) = postSolution
		{E686F7A0-38E0-6E6E-D8A9-DD42B655E92D}.Debug|Any CPU.ActiveCfg = Debug|Any CPU
		{E686F7A0-38E0-6E6E-D8A9-DD42B655E92D}.Debug|Any CPU.Build.0 = Debug|Any CPU
		{E686F7A0-38E0-6E6E-D8A9-DD42B655E92D}.Release|Any CPU.ActiveCfg = Release|Any CPU
		{E686F7A0-38E0-6E6E-D8A9-DD42B655E92D}.Release|Any CPU.Build.0 = Release|Any CPU
		{19D611E0-7210-48E7-02CF-171FD355FBC7}.Debug|Any CPU.ActiveCfg = Debug|Any CPU
		{19D611E0-7210-48E7-02CF-171FD355FBC7}.Debug|Any CPU.Build.0 = Debug|Any CPU
		{19D611E0-7210-48E7-02CF-171FD355FBC7}.Release|Any CPU.ActiveCfg = Release|Any CPU
		{19D611E0-7210-48E7-02CF-171FD355FBC7}.Release|Any CPU.Build.0 = Release|Any CPU
		{4D9ABB2C-8D41-40A2-9320-108103F0E5EE}.Debug|Any CPU.ActiveCfg = Debug|Any CPU
		{4D9ABB2C-8D41-40A2-9320-108103F0E5EE}.Debug|Any CPU.Build.0 = Debug|Any CPU
		{4D9ABB2C-8D41-40A2-9320-108103F0E5EE}.Release|Any CPU.ActiveCfg = Release|Any CPU
		{4D9ABB2C-8D41-40A2-9320-108103F0E5EE}.Release|Any CPU.Build.0 = Release|Any CPU
		{890FDE38-6F48-A889-3C43-1823C5DE75A1}.Debug|Any CPU.ActiveCfg = Debug|Any CPU
		{890FDE38-6F48-A889-3C43-1823C5DE75A1}.Debug|Any CPU.Build.0 = Debug|Any CPU
		{890FDE38-6F48-A889-3C43-1823C5DE75A1}.Release|Any CPU.ActiveCfg = Release|Any CPU
		{890FDE38-6F48-A889-3C43-1823C5DE75A1}.Release|Any CPU.Build.0 = Release|Any CPU
		{F770AD4C-8581-28D5-06B8-AEC7D6E0A979}.Debug|Any CPU.ActiveCfg = Debug|Any CPU
		{F770AD4C-8581-28D5-06B8-AEC7D6E0A979}.Debug|Any CPU.Build.0 = Debug|Any CPU
		{F770AD4C-8581-28D5-06B8-AEC7D6E0A979}.Release|Any CPU.ActiveCfg = Release|Any CPU
		{F770AD4C-8581-28D5-06B8-AEC7D6E0A979}.Release|Any CPU.Build.0 = Release|Any CPU
		{CDAED92E-D330-7FBA-438E-5DD8420D3A19}.Debug|Any CPU.ActiveCfg = Debug|Any CPU
		{CDAED92E-D330-7FBA-438E-5DD8420D3A19}.Debug|Any CPU.Build.0 = Debug|Any CPU
		{CDAED92E-D330-7FBA-438E-5DD8420D3A19}.Release|Any CPU.ActiveCfg = Release|Any CPU
		{CDAED92E-D330-7FBA-438E-5DD8420D3A19}.Release|Any CPU.Build.0 = Release|Any CPU
	EndGlobalSection
	GlobalSection(SolutionProperties) = preSolution
		HideSolutionNode = FALSE
	EndGlobalSection
EndGlobal
